PODS:
  - CircleMenu (4.1.0)
  - FloatingPanel (2.0.1)
  - MenuItemKit (4.0.1)
  - Realm (10.1.0):
    - Realm/Headers (= 10.1.0)
  - Realm/Headers (10.1.0)
  - RealmSwift (10.1.0):
    - Realm (= 10.1.0)
  - SideMenu (6.5.0)
  - SnapKit (5.0.1)

DEPENDENCIES:
  - CircleMenu
  - FloatingPanel
  - MenuItemKit
  - RealmSwift
  - SideMenu
  - SnapKit (~> 5.0.0)

SPEC REPOS:
  trunk:
    - CircleMenu
    - FloatingPanel
    - MenuItemKit
    - Realm
    - RealmSwift
    - SideMenu
    - SnapKit

SPEC CHECKSUMS:
  CircleMenu: a66095199a5e26f19acbb212f077010257767fe5
  FloatingPanel: 579a5ac0154f923a9d7302c4f13dbc0268511c92
  MenuItemKit: 1459920e984d823e1bcc858b7a964f94e6bfa0f6
  Realm: 100df88a0faf5328f48477427e4b3e1a1598bae3
  RealmSwift: 725d1c10df64964b04aaa0058c19ce0f4b4c3f5a
  SideMenu: f583187d21c5b1dd04c72002be544b555a2627a2
  SnapKit: 97b92857e3df3a0c71833cce143274bf6ef8e5eb

PODFILE CHECKSUM: c3e0bc788ec47b3e1d1f660f06485d1fb4f1b8a1

COCOAPODS: 1.10.0
