// !$*UTF8*$!
{
	archiveVersion = 1;
	classes = {
	};
	objectVersion = 51;
	objects = {

/* Begin PBXBuildFile section */
		0794398F3E8F202786CEA204 /* Pods_MyB11_MyB11UITests.framework in Frameworks */ = {isa = PBXBuildFile; fileRef = A1808E0C7B65D68824A2EA99 /* Pods_MyB11_MyB11UITests.framework */; };
		145B921EBD9B1C19FDD1F2DC /* Pods_MyB11Tests.framework in Frameworks */ = {isa = PBXBuildFile; fileRef = AE040347EF51D965410A2BCC /* Pods_MyB11Tests.framework */; };
		2958AEA28D7CF0575BEE8E5A /* Pods_MyB11.framework in Frameworks */ = {isa = PBXBuildFile; fileRef = D26A8A3D82039CCAD2ED19C8 /* Pods_MyB11.framework */; };
		345684C423817D3B00203DC3 /* SideMenuTableViewController.swift in Sources */ = {isa = PBXBuildFile; fileRef = 345684C323817D3B00203DC3 /* SideMenuTableViewController.swift */; };
		345684C82383638A00203DC3 /* Team.swift in Sources */ = {isa = PBXBuildFile; fileRef = 345684C72383638A00203DC3 /* Team.swift */; };
		345684CA238363FC00203DC3 /* Models.swift in Sources */ = {isa = PBXBuildFile; fileRef = 345684C9238363FC00203DC3 /* Models.swift */; };
		9D7217B1237EBA6000CDC6F1 /* AppDelegate.swift in Sources */ = {isa = PBXBuildFile; fileRef = 9D7217B0237EBA6000CDC6F1 /* AppDelegate.swift */; };
		9D7217B3237EBA6000CDC6F1 /* SceneDelegate.swift in Sources */ = {isa = PBXBuildFile; fileRef = 9D7217B2237EBA6000CDC6F1 /* SceneDelegate.swift */; };
		9D7217B5237EBA6000CDC6F1 /* ViewController.swift in Sources */ = {isa = PBXBuildFile; fileRef = 9D7217B4237EBA6000CDC6F1 /* ViewController.swift */; };
		9D7217B8237EBA6000CDC6F1 /* Main.storyboard in Resources */ = {isa = PBXBuildFile; fileRef = 9D7217B6237EBA6000CDC6F1 /* Main.storyboard */; };
		9D7217BA237EBA6300CDC6F1 /* Assets.xcassets in Resources */ = {isa = PBXBuildFile; fileRef = 9D7217B9237EBA6300CDC6F1 /* Assets.xcassets */; };
		9D7217BD237EBA6300CDC6F1 /* LaunchScreen.storyboard in Resources */ = {isa = PBXBuildFile; fileRef = 9D7217BB237EBA6300CDC6F1 /* LaunchScreen.storyboard */; };
		9D7217C8237EBA6300CDC6F1 /* MyB11Tests.swift in Sources */ = {isa = PBXBuildFile; fileRef = 9D7217C7237EBA6300CDC6F1 /* MyB11Tests.swift */; };
		9D7217D3237EBA6300CDC6F1 /* MyB11UITests.swift in Sources */ = {isa = PBXBuildFile; fileRef = 9D7217D2237EBA6300CDC6F1 /* MyB11UITests.swift */; };
		9D7217E8237EC05700CDC6F1 /* MenuViewController.swift in Sources */ = {isa = PBXBuildFile; fileRef = 9D7217E7237EC05700CDC6F1 /* MenuViewController.swift */; };
/* End PBXBuildFile section */

/* Begin PBXContainerItemProxy section */
		9D7217C4237EBA6300CDC6F1 /* PBXContainerItemProxy */ = {
			isa = PBXContainerItemProxy;
			containerPortal = 9D7217A5237EBA6000CDC6F1 /* Project object */;
			proxyType = 1;
			remoteGlobalIDString = 9D7217AC237EBA6000CDC6F1;
			remoteInfo = MyB11;
		};
		9D7217CF237EBA6300CDC6F1 /* PBXContainerItemProxy */ = {
			isa = PBXContainerItemProxy;
			containerPortal = 9D7217A5237EBA6000CDC6F1 /* Project object */;
			proxyType = 1;
			remoteGlobalIDString = 9D7217AC237EBA6000CDC6F1;
			remoteInfo = MyB11;
		};
/* End PBXContainerItemProxy section */

/* Begin PBXFileReference section */
		26EEC592478E22E98FCEF6EF /* Pods-MyB11.release.xcconfig */ = {isa = PBXFileReference; includeInIndex = 1; lastKnownFileType = text.xcconfig; name = "Pods-MyB11.release.xcconfig"; path = "Target Support Files/Pods-MyB11/Pods-MyB11.release.xcconfig"; sourceTree = "<group>"; };
		2D40062B2737F8588AD698CB /* Pods-MyB11Tests.debug.xcconfig */ = {isa = PBXFileReference; includeInIndex = 1; lastKnownFileType = text.xcconfig; name = "Pods-MyB11Tests.debug.xcconfig"; path = "Target Support Files/Pods-MyB11Tests/Pods-MyB11Tests.debug.xcconfig"; sourceTree = "<group>"; };
		345684C323817D3B00203DC3 /* SideMenuTableViewController.swift */ = {isa = PBXFileReference; lastKnownFileType = sourcecode.swift; path = SideMenuTableViewController.swift; sourceTree = "<group>"; };
		345684C72383638A00203DC3 /* Team.swift */ = {isa = PBXFileReference; lastKnownFileType = sourcecode.swift; path = Team.swift; sourceTree = "<group>"; };
		345684C9238363FC00203DC3 /* Models.swift */ = {isa = PBXFileReference; lastKnownFileType = sourcecode.swift; path = Models.swift; sourceTree = "<group>"; };
		3D7985618AE2EA7790452A20 /* Pods-MyB11-MyB11UITests.debug.xcconfig */ = {isa = PBXFileReference; includeInIndex = 1; lastKnownFileType = text.xcconfig; name = "Pods-MyB11-MyB11UITests.debug.xcconfig"; path = "Target Support Files/Pods-MyB11-MyB11UITests/Pods-MyB11-MyB11UITests.debug.xcconfig"; sourceTree = "<group>"; };
		60262C42BC70455C3C3E2492 /* Pods-MyB11-MyB11UITests.release.xcconfig */ = {isa = PBXFileReference; includeInIndex = 1; lastKnownFileType = text.xcconfig; name = "Pods-MyB11-MyB11UITests.release.xcconfig"; path = "Target Support Files/Pods-MyB11-MyB11UITests/Pods-MyB11-MyB11UITests.release.xcconfig"; sourceTree = "<group>"; };
		9D7217AD237EBA6000CDC6F1 /* MyB11.app */ = {isa = PBXFileReference; explicitFileType = wrapper.application; includeInIndex = 0; path = MyB11.app; sourceTree = BUILT_PRODUCTS_DIR; };
		9D7217B0237EBA6000CDC6F1 /* AppDelegate.swift */ = {isa = PBXFileReference; lastKnownFileType = sourcecode.swift; path = AppDelegate.swift; sourceTree = "<group>"; };
		9D7217B2237EBA6000CDC6F1 /* SceneDelegate.swift */ = {isa = PBXFileReference; lastKnownFileType = sourcecode.swift; path = SceneDelegate.swift; sourceTree = "<group>"; };
		9D7217B4237EBA6000CDC6F1 /* ViewController.swift */ = {isa = PBXFileReference; lastKnownFileType = sourcecode.swift; path = ViewController.swift; sourceTree = "<group>"; };
		9D7217B7237EBA6000CDC6F1 /* Base */ = {isa = PBXFileReference; lastKnownFileType = file.storyboard; name = Base; path = Base.lproj/Main.storyboard; sourceTree = "<group>"; };
		9D7217B9237EBA6300CDC6F1 /* Assets.xcassets */ = {isa = PBXFileReference; lastKnownFileType = folder.assetcatalog; path = Assets.xcassets; sourceTree = "<group>"; };
		9D7217BC237EBA6300CDC6F1 /* Base */ = {isa = PBXFileReference; lastKnownFileType = file.storyboard; name = Base; path = Base.lproj/LaunchScreen.storyboard; sourceTree = "<group>"; };
		9D7217BE237EBA6300CDC6F1 /* Info.plist */ = {isa = PBXFileReference; lastKnownFileType = text.plist.xml; path = Info.plist; sourceTree = "<group>"; };
		9D7217C3237EBA6300CDC6F1 /* MyB11Tests.xctest */ = {isa = PBXFileReference; explicitFileType = wrapper.cfbundle; includeInIndex = 0; path = MyB11Tests.xctest; sourceTree = BUILT_PRODUCTS_DIR; };
		9D7217C7237EBA6300CDC6F1 /* MyB11Tests.swift */ = {isa = PBXFileReference; lastKnownFileType = sourcecode.swift; path = MyB11Tests.swift; sourceTree = "<group>"; };
		9D7217C9237EBA6300CDC6F1 /* Info.plist */ = {isa = PBXFileReference; lastKnownFileType = text.plist.xml; path = Info.plist; sourceTree = "<group>"; };
		9D7217CE237EBA6300CDC6F1 /* MyB11UITests.xctest */ = {isa = PBXFileReference; explicitFileType = wrapper.cfbundle; includeInIndex = 0; path = MyB11UITests.xctest; sourceTree = BUILT_PRODUCTS_DIR; };
		9D7217D2237EBA6300CDC6F1 /* MyB11UITests.swift */ = {isa = PBXFileReference; lastKnownFileType = sourcecode.swift; path = MyB11UITests.swift; sourceTree = "<group>"; };
		9D7217D4237EBA6300CDC6F1 /* Info.plist */ = {isa = PBXFileReference; lastKnownFileType = text.plist.xml; path = Info.plist; sourceTree = "<group>"; };
		9D7217E7237EC05700CDC6F1 /* MenuViewController.swift */ = {isa = PBXFileReference; lastKnownFileType = sourcecode.swift; path = MenuViewController.swift; sourceTree = "<group>"; };
		A1808E0C7B65D68824A2EA99 /* Pods_MyB11_MyB11UITests.framework */ = {isa = PBXFileReference; explicitFileType = wrapper.framework; includeInIndex = 0; path = Pods_MyB11_MyB11UITests.framework; sourceTree = BUILT_PRODUCTS_DIR; };
		AE040347EF51D965410A2BCC /* Pods_MyB11Tests.framework */ = {isa = PBXFileReference; explicitFileType = wrapper.framework; includeInIndex = 0; path = Pods_MyB11Tests.framework; sourceTree = BUILT_PRODUCTS_DIR; };
		D26A8A3D82039CCAD2ED19C8 /* Pods_MyB11.framework */ = {isa = PBXFileReference; explicitFileType = wrapper.framework; includeInIndex = 0; path = Pods_MyB11.framework; sourceTree = BUILT_PRODUCTS_DIR; };
		DF0C92E7CEFBE2292C593565 /* Pods-MyB11.debug.xcconfig */ = {isa = PBXFileReference; includeInIndex = 1; lastKnownFileType = text.xcconfig; name = "Pods-MyB11.debug.xcconfig"; path = "Target Support Files/Pods-MyB11/Pods-MyB11.debug.xcconfig"; sourceTree = "<group>"; };
		FCEE1A6DA97E74AA9848FBB8 /* Pods-MyB11Tests.release.xcconfig */ = {isa = PBXFileReference; includeInIndex = 1; lastKnownFileType = text.xcconfig; name = "Pods-MyB11Tests.release.xcconfig"; path = "Target Support Files/Pods-MyB11Tests/Pods-MyB11Tests.release.xcconfig"; sourceTree = "<group>"; };
/* End PBXFileReference section */

/* Begin PBXFrameworksBuildPhase section */
		9D7217AA237EBA6000CDC6F1 /* Frameworks */ = {
			isa = PBXFrameworksBuildPhase;
			buildActionMask = 2147483647;
			files = (
				2958AEA28D7CF0575BEE8E5A /* Pods_MyB11.framework in Frameworks */,
			);
			runOnlyForDeploymentPostprocessing = 0;
		};
		9D7217C0237EBA6300CDC6F1 /* Frameworks */ = {
			isa = PBXFrameworksBuildPhase;
			buildActionMask = 2147483647;
			files = (
				145B921EBD9B1C19FDD1F2DC /* Pods_MyB11Tests.framework in Frameworks */,
			);
			runOnlyForDeploymentPostprocessing = 0;
		};
		9D7217CB237EBA6300CDC6F1 /* Frameworks */ = {
			isa = PBXFrameworksBuildPhase;
			buildActionMask = 2147483647;
			files = (
				0794398F3E8F202786CEA204 /* Pods_MyB11_MyB11UITests.framework in Frameworks */,
			);
			runOnlyForDeploymentPostprocessing = 0;
		};
/* End PBXFrameworksBuildPhase section */

/* Begin PBXGroup section */
		00D3C197CD97F1343C2FDFA8 /* Pods */ = {
			isa = PBXGroup;
			children = (
				DF0C92E7CEFBE2292C593565 /* Pods-MyB11.debug.xcconfig */,
				26EEC592478E22E98FCEF6EF /* Pods-MyB11.release.xcconfig */,
				3D7985618AE2EA7790452A20 /* Pods-MyB11-MyB11UITests.debug.xcconfig */,
				60262C42BC70455C3C3E2492 /* Pods-MyB11-MyB11UITests.release.xcconfig */,
				2D40062B2737F8588AD698CB /* Pods-MyB11Tests.debug.xcconfig */,
				FCEE1A6DA97E74AA9848FBB8 /* Pods-MyB11Tests.release.xcconfig */,
			);
			path = Pods;
			sourceTree = "<group>";
		};
		345684C62383636F00203DC3 /* model */ = {
			isa = PBXGroup;
			children = (
				345684C72383638A00203DC3 /* Team.swift */,
			);
			path = model;
			sourceTree = "<group>";
		};
		9D7217A4237EBA6000CDC6F1 = {
			isa = PBXGroup;
			children = (
				9D7217AF237EBA6000CDC6F1 /* MyB11 */,
				9D7217C6237EBA6300CDC6F1 /* MyB11Tests */,
				9D7217D1237EBA6300CDC6F1 /* MyB11UITests */,
				9D7217AE237EBA6000CDC6F1 /* Products */,
				00D3C197CD97F1343C2FDFA8 /* Pods */,
				CC1D519EFF124656EF132452 /* Frameworks */,
			);
			sourceTree = "<group>";
		};
		9D7217AE237EBA6000CDC6F1 /* Products */ = {
			isa = PBXGroup;
			children = (
				9D7217AD237EBA6000CDC6F1 /* MyB11.app */,
				9D7217C3237EBA6300CDC6F1 /* MyB11Tests.xctest */,
				9D7217CE237EBA6300CDC6F1 /* MyB11UITests.xctest */,
			);
			name = Products;
			sourceTree = "<group>";
		};
		9D7217AF237EBA6000CDC6F1 /* MyB11 */ = {
			isa = PBXGroup;
			children = (
				345684C62383636F00203DC3 /* model */,
				9D7217B0237EBA6000CDC6F1 /* AppDelegate.swift */,
				9D7217B2237EBA6000CDC6F1 /* SceneDelegate.swift */,
				9D7217B4237EBA6000CDC6F1 /* ViewController.swift */,
				9D7217B6237EBA6000CDC6F1 /* Main.storyboard */,
				9D7217E7237EC05700CDC6F1 /* MenuViewController.swift */,
				9D7217B9237EBA6300CDC6F1 /* Assets.xcassets */,
				9D7217BB237EBA6300CDC6F1 /* LaunchScreen.storyboard */,
				9D7217BE237EBA6300CDC6F1 /* Info.plist */,
				345684C323817D3B00203DC3 /* SideMenuTableViewController.swift */,
				345684C9238363FC00203DC3 /* Models.swift */,
			);
			path = MyB11;
			sourceTree = "<group>";
		};
		9D7217C6237EBA6300CDC6F1 /* MyB11Tests */ = {
			isa = PBXGroup;
			children = (
				9D7217C7237EBA6300CDC6F1 /* MyB11Tests.swift */,
				9D7217C9237EBA6300CDC6F1 /* Info.plist */,
			);
			path = MyB11Tests;
			sourceTree = "<group>";
		};
		9D7217D1237EBA6300CDC6F1 /* MyB11UITests */ = {
			isa = PBXGroup;
			children = (
				9D7217D2237EBA6300CDC6F1 /* MyB11UITests.swift */,
				9D7217D4237EBA6300CDC6F1 /* Info.plist */,
			);
			path = MyB11UITests;
			sourceTree = "<group>";
		};
		CC1D519EFF124656EF132452 /* Frameworks */ = {
			isa = PBXGroup;
			children = (
				D26A8A3D82039CCAD2ED19C8 /* Pods_MyB11.framework */,
				A1808E0C7B65D68824A2EA99 /* Pods_MyB11_MyB11UITests.framework */,
				AE040347EF51D965410A2BCC /* Pods_MyB11Tests.framework */,
			);
			name = Frameworks;
			sourceTree = "<group>";
		};
/* End PBXGroup section */

/* Begin PBXNativeTarget section */
		9D7217AC237EBA6000CDC6F1 /* MyB11 */ = {
			isa = PBXNativeTarget;
			buildConfigurationList = 9D7217D7237EBA6300CDC6F1 /* Build configuration list for PBXNativeTarget "MyB11" */;
			buildPhases = (
				30FDB34BFBBD8100C747E106 /* [CP] Check Pods Manifest.lock */,
				9D7217A9237EBA6000CDC6F1 /* Sources */,
				9D7217AA237EBA6000CDC6F1 /* Frameworks */,
				9D7217AB237EBA6000CDC6F1 /* Resources */,
				D4E179D44F6A7A7CAA73F9BD /* [CP] Embed Pods Frameworks */,
			);
			buildRules = (
			);
			dependencies = (
			);
			name = MyB11;
			productName = MyB11;
			productReference = 9D7217AD237EBA6000CDC6F1 /* MyB11.app */;
			productType = "com.apple.product-type.application";
		};
		9D7217C2237EBA6300CDC6F1 /* MyB11Tests */ = {
			isa = PBXNativeTarget;
			buildConfigurationList = 9D7217DA237EBA6300CDC6F1 /* Build configuration list for PBXNativeTarget "MyB11Tests" */;
			buildPhases = (
				81DDF94F5E5C776D13E6ED0B /* [CP] Check Pods Manifest.lock */,
				9D7217BF237EBA6300CDC6F1 /* Sources */,
				9D7217C0237EBA6300CDC6F1 /* Frameworks */,
				9D7217C1237EBA6300CDC6F1 /* Resources */,
			);
			buildRules = (
			);
			dependencies = (
				9D7217C5237EBA6300CDC6F1 /* PBXTargetDependency */,
			);
			name = MyB11Tests;
			productName = MyB11Tests;
			productReference = 9D7217C3237EBA6300CDC6F1 /* MyB11Tests.xctest */;
			productType = "com.apple.product-type.bundle.unit-test";
		};
		9D7217CD237EBA6300CDC6F1 /* MyB11UITests */ = {
			isa = PBXNativeTarget;
			buildConfigurationList = 9D7217DD237EBA6300CDC6F1 /* Build configuration list for PBXNativeTarget "MyB11UITests" */;
			buildPhases = (
				E0C53B4343023A55ACFE1BB9 /* [CP] Check Pods Manifest.lock */,
				9D7217CA237EBA6300CDC6F1 /* Sources */,
				9D7217CB237EBA6300CDC6F1 /* Frameworks */,
				9D7217CC237EBA6300CDC6F1 /* Resources */,
				78C56408639F7FCA28A35BAA /* [CP] Embed Pods Frameworks */,
			);
			buildRules = (
			);
			dependencies = (
				9D7217D0237EBA6300CDC6F1 /* PBXTargetDependency */,
			);
			name = MyB11UITests;
			productName = MyB11UITests;
			productReference = 9D7217CE237EBA6300CDC6F1 /* MyB11UITests.xctest */;
			productType = "com.apple.product-type.bundle.ui-testing";
		};
/* End PBXNativeTarget section */

/* Begin PBXProject section */
		9D7217A5237EBA6000CDC6F1 /* Project object */ = {
			isa = PBXProject;
			attributes = {
				LastSwiftUpdateCheck = 1120;
				LastUpgradeCheck = 1120;
				ORGANIZATIONNAME = superjersey;
				TargetAttributes = {
					9D7217AC237EBA6000CDC6F1 = {
						CreatedOnToolsVersion = 11.2.1;
					};
					9D7217C2237EBA6300CDC6F1 = {
						CreatedOnToolsVersion = 11.2.1;
						TestTargetID = 9D7217AC237EBA6000CDC6F1;
					};
					9D7217CD237EBA6300CDC6F1 = {
						CreatedOnToolsVersion = 11.2.1;
						TestTargetID = 9D7217AC237EBA6000CDC6F1;
					};
				};
			};
			buildConfigurationList = 9D7217A8237EBA6000CDC6F1 /* Build configuration list for PBXProject "MyB11" */;
			compatibilityVersion = "Xcode 9.3";
			developmentRegion = en;
			hasScannedForEncodings = 0;
			knownRegions = (
				en,
				Base,
			);
			mainGroup = 9D7217A4237EBA6000CDC6F1;
			productRefGroup = 9D7217AE237EBA6000CDC6F1 /* Products */;
			projectDirPath = "";
			projectRoot = "";
			targets = (
				9D7217AC237EBA6000CDC6F1 /* MyB11 */,
				9D7217C2237EBA6300CDC6F1 /* MyB11Tests */,
				9D7217CD237EBA6300CDC6F1 /* MyB11UITests */,
			);
		};
/* End PBXProject section */

/* Begin PBXResourcesBuildPhase section */
		9D7217AB237EBA6000CDC6F1 /* Resources */ = {
			isa = PBXResourcesBuildPhase;
			buildActionMask = 2147483647;
			files = (
				9D7217BD237EBA6300CDC6F1 /* LaunchScreen.storyboard in Resources */,
				9D7217BA237EBA6300CDC6F1 /* Assets.xcassets in Resources */,
				9D7217B8237EBA6000CDC6F1 /* Main.storyboard in Resources */,
			);
			runOnlyForDeploymentPostprocessing = 0;
		};
		9D7217C1237EBA6300CDC6F1 /* Resources */ = {
			isa = PBXResourcesBuildPhase;
			buildActionMask = 2147483647;
			files = (
			);
			runOnlyForDeploymentPostprocessing = 0;
		};
		9D7217CC237EBA6300CDC6F1 /* Resources */ = {
			isa = PBXResourcesBuildPhase;
			buildActionMask = 2147483647;
			files = (
			);
			runOnlyForDeploymentPostprocessing = 0;
		};
/* End PBXResourcesBuildPhase section */

/* Begin PBXShellScriptBuildPhase section */
		30FDB34BFBBD8100C747E106 /* [CP] Check Pods Manifest.lock */ = {
			isa = PBXShellScriptBuildPhase;
			buildActionMask = 2147483647;
			files = (
			);
			inputFileListPaths = (
			);
			inputPaths = (
				"${PODS_PODFILE_DIR_PATH}/Podfile.lock",
				"${PODS_ROOT}/Manifest.lock",
			);
			name = "[CP] Check Pods Manifest.lock";
			outputFileListPaths = (
			);
			outputPaths = (
				"$(DERIVED_FILE_DIR)/Pods-MyB11-checkManifestLockResult.txt",
			);
			runOnlyForDeploymentPostprocessing = 0;
			shellPath = /bin/sh;
			shellScript = "diff \"${PODS_PODFILE_DIR_PATH}/Podfile.lock\" \"${PODS_ROOT}/Manifest.lock\" > /dev/null\nif [ $? != 0 ] ; then\n    # print error to STDERR\n    echo \"error: The sandbox is not in sync with the Podfile.lock. Run 'pod install' or update your CocoaPods installation.\" >&2\n    exit 1\nfi\n# This output is used by Xcode 'outputs' to avoid re-running this script phase.\necho \"SUCCESS\" > \"${SCRIPT_OUTPUT_FILE_0}\"\n";
			showEnvVarsInLog = 0;
		};
		78C56408639F7FCA28A35BAA /* [CP] Embed Pods Frameworks */ = {
			isa = PBXShellScriptBuildPhase;
			buildActionMask = 2147483647;
			files = (
			);
			inputFileListPaths = (
				"${PODS_ROOT}/Target Support Files/Pods-MyB11-MyB11UITests/Pods-MyB11-MyB11UITests-frameworks-${CONFIGURATION}-input-files.xcfilelist",
			);
			name = "[CP] Embed Pods Frameworks";
			outputFileListPaths = (
				"${PODS_ROOT}/Target Support Files/Pods-MyB11-MyB11UITests/Pods-MyB11-MyB11UITests-frameworks-${CONFIGURATION}-output-files.xcfilelist",
			);
			runOnlyForDeploymentPostprocessing = 0;
			shellPath = /bin/sh;
			shellScript = "\"${PODS_ROOT}/Target Support Files/Pods-MyB11-MyB11UITests/Pods-MyB11-MyB11UITests-frameworks.sh\"\n";
			showEnvVarsInLog = 0;
		};
		81DDF94F5E5C776D13E6ED0B /* [CP] Check Pods Manifest.lock */ = {
			isa = PBXShellScriptBuildPhase;
			buildActionMask = 2147483647;
			files = (
			);
			inputFileListPaths = (
			);
			inputPaths = (
				"${PODS_PODFILE_DIR_PATH}/Podfile.lock",
				"${PODS_ROOT}/Manifest.lock",
			);
			name = "[CP] Check Pods Manifest.lock";
			outputFileListPaths = (
			);
			outputPaths = (
				"$(DERIVED_FILE_DIR)/Pods-MyB11Tests-checkManifestLockResult.txt",
			);
			runOnlyForDeploymentPostprocessing = 0;
			shellPath = /bin/sh;
			shellScript = "diff \"${PODS_PODFILE_DIR_PATH}/Podfile.lock\" \"${PODS_ROOT}/Manifest.lock\" > /dev/null\nif [ $? != 0 ] ; then\n    # print error to STDERR\n    echo \"error: The sandbox is not in sync with the Podfile.lock. Run 'pod install' or update your CocoaPods installation.\" >&2\n    exit 1\nfi\n# This output is used by Xcode 'outputs' to avoid re-running this script phase.\necho \"SUCCESS\" > \"${SCRIPT_OUTPUT_FILE_0}\"\n";
			showEnvVarsInLog = 0;
		};
		D4E179D44F6A7A7CAA73F9BD /* [CP] Embed Pods Frameworks */ = {
			isa = PBXShellScriptBuildPhase;
			buildActionMask = 2147483647;
			files = (
			);
			inputFileListPaths = (
				"${PODS_ROOT}/Target Support Files/Pods-MyB11/Pods-MyB11-frameworks-${CONFIGURATION}-input-files.xcfilelist",
			);
			name = "[CP] Embed Pods Frameworks";
			outputFileListPaths = (
				"${PODS_ROOT}/Target Support Files/Pods-MyB11/Pods-MyB11-frameworks-${CONFIGURATION}-output-files.xcfilelist",
			);
			runOnlyForDeploymentPostprocessing = 0;
			shellPath = /bin/sh;
			shellScript = "\"${PODS_ROOT}/Target Support Files/Pods-MyB11/Pods-MyB11-frameworks.sh\"\n";
			showEnvVarsInLog = 0;
		};
		E0C53B4343023A55ACFE1BB9 /* [CP] Check Pods Manifest.lock */ = {
			isa = PBXShellScriptBuildPhase;
			buildActionMask = 2147483647;
			files = (
			);
			inputFileListPaths = (
			);
			inputPaths = (
				"${PODS_PODFILE_DIR_PATH}/Podfile.lock",
				"${PODS_ROOT}/Manifest.lock",
			);
			name = "[CP] Check Pods Manifest.lock";
			outputFileListPaths = (
			);
			outputPaths = (
				"$(DERIVED_FILE_DIR)/Pods-MyB11-MyB11UITests-checkManifestLockResult.txt",
			);
			runOnlyForDeploymentPostprocessing = 0;
			shellPath = /bin/sh;
			shellScript = "diff \"${PODS_PODFILE_DIR_PATH}/Podfile.lock\" \"${PODS_ROOT}/Manifest.lock\" > /dev/null\nif [ $? != 0 ] ; then\n    # print error to STDERR\n    echo \"error: The sandbox is not in sync with the Podfile.lock. Run 'pod install' or update your CocoaPods installation.\" >&2\n    exit 1\nfi\n# This output is used by Xcode 'outputs' to avoid re-running this script phase.\necho \"SUCCESS\" > \"${SCRIPT_OUTPUT_FILE_0}\"\n";
			showEnvVarsInLog = 0;
		};
/* End PBXShellScriptBuildPhase section */

/* Begin PBXSourcesBuildPhase section */
		9D7217A9237EBA6000CDC6F1 /* Sources */ = {
			isa = PBXSourcesBuildPhase;
			buildActionMask = 2147483647;
			files = (
				345684CA238363FC00203DC3 /* Models.swift in Sources */,
				345684C82383638A00203DC3 /* Team.swift in Sources */,
				9D7217B5237EBA6000CDC6F1 /* ViewController.swift in Sources */,
				9D7217E8237EC05700CDC6F1 /* MenuViewController.swift in Sources */,
				9D7217B1237EBA6000CDC6F1 /* AppDelegate.swift in Sources */,
				9D7217B3237EBA6000CDC6F1 /* SceneDelegate.swift in Sources */,
				345684C423817D3B00203DC3 /* SideMenuTableViewController.swift in Sources */,
			);
			runOnlyForDeploymentPostprocessing = 0;
		};
		9D7217BF237EBA6300CDC6F1 /* Sources */ = {
			isa = PBXSourcesBuildPhase;
			buildActionMask = 2147483647;
			files = (
				9D7217C8237EBA6300CDC6F1 /* MyB11Tests.swift in Sources */,
			);
			runOnlyForDeploymentPostprocessing = 0;
		};
		9D7217CA237EBA6300CDC6F1 /* Sources */ = {
			isa = PBXSourcesBuildPhase;
			buildActionMask = 2147483647;
			files = (
				9D7217D3237EBA6300CDC6F1 /* MyB11UITests.swift in Sources */,
			);
			runOnlyForDeploymentPostprocessing = 0;
		};
/* End PBXSourcesBuildPhase section */

/* Begin PBXTargetDependency section */
		9D7217C5237EBA6300CDC6F1 /* PBXTargetDependency */ = {
			isa = PBXTargetDependency;
			target = 9D7217AC237EBA6000CDC6F1 /* MyB11 */;
			targetProxy = 9D7217C4237EBA6300CDC6F1 /* PBXContainerItemProxy */;
		};
		9D7217D0237EBA6300CDC6F1 /* PBXTargetDependency */ = {
			isa = PBXTargetDependency;
			target = 9D7217AC237EBA6000CDC6F1 /* MyB11 */;
			targetProxy = 9D7217CF237EBA6300CDC6F1 /* PBXContainerItemProxy */;
		};
/* End PBXTargetDependency section */

/* Begin PBXVariantGroup section */
		9D7217B6237EBA6000CDC6F1 /* Main.storyboard */ = {
			isa = PBXVariantGroup;
			children = (
				9D7217B7237EBA6000CDC6F1 /* Base */,
			);
			name = Main.storyboard;
			sourceTree = "<group>";
		};
		9D7217BB237EBA6300CDC6F1 /* LaunchScreen.storyboard */ = {
			isa = PBXVariantGroup;
			children = (
				9D7217BC237EBA6300CDC6F1 /* Base */,
			);
			name = LaunchScreen.storyboard;
			sourceTree = "<group>";
		};
/* End PBXVariantGroup section */

/* Begin XCBuildConfiguration section */
		9D7217D5237EBA6300CDC6F1 /* Debug */ = {
			isa = XCBuildConfiguration;
			buildSettings = {
				ALWAYS_SEARCH_USER_PATHS = NO;
				CLANG_ANALYZER_NONNULL = YES;
				CLANG_ANALYZER_NUMBER_OBJECT_CONVERSION = YES_AGGRESSIVE;
				CLANG_CXX_LANGUAGE_STANDARD = "gnu++14";
				CLANG_CXX_LIBRARY = "libc++";
				CLANG_ENABLE_MODULES = YES;
				CLANG_ENABLE_OBJC_ARC = YES;
				CLANG_ENABLE_OBJC_WEAK = YES;
				CLANG_WARN_BLOCK_CAPTURE_AUTORELEASING = YES;
				CLANG_WARN_BOOL_CONVERSION = YES;
				CLANG_WARN_COMMA = YES;
				CLANG_WARN_CONSTANT_CONVERSION = YES;
				CLANG_WARN_DEPRECATED_OBJC_IMPLEMENTATIONS = YES;
				CLANG_WARN_DIRECT_OBJC_ISA_USAGE = YES_ERROR;
				CLANG_WARN_DOCUMENTATION_COMMENTS = YES;
				CLANG_WARN_EMPTY_BODY = YES;
				CLANG_WARN_ENUM_CONVERSION = YES;
				CLANG_WARN_INFINITE_RECURSION = YES;
				CLANG_WARN_INT_CONVERSION = YES;
				CLANG_WARN_NON_LITERAL_NULL_CONVERSION = YES;
				CLANG_WARN_OBJC_IMPLICIT_RETAIN_SELF = YES;
				CLANG_WARN_OBJC_LITERAL_CONVERSION = YES;
				CLANG_WARN_OBJC_ROOT_CLASS = YES_ERROR;
				CLANG_WARN_RANGE_LOOP_ANALYSIS = YES;
				CLANG_WARN_STRICT_PROTOTYPES = YES;
				CLANG_WARN_SUSPICIOUS_MOVE = YES;
				CLANG_WARN_UNGUARDED_AVAILABILITY = YES_AGGRESSIVE;
				CLANG_WARN_UNREACHABLE_CODE = YES;
				CLANG_WARN__DUPLICATE_METHOD_MATCH = YES;
				COPY_PHASE_STRIP = NO;
				DEBUG_INFORMATION_FORMAT = dwarf;
				ENABLE_STRICT_OBJC_MSGSEND = YES;
				ENABLE_TESTABILITY = YES;
				GCC_C_LANGUAGE_STANDARD = gnu11;
				GCC_DYNAMIC_NO_PIC = NO;
				GCC_NO_COMMON_BLOCKS = YES;
				GCC_OPTIMIZATION_LEVEL = 0;
				GCC_PREPROCESSOR_DEFINITIONS = (
					"DEBUG=1",
					"$(inherited)",
				);
				GCC_WARN_64_TO_32_BIT_CONVERSION = YES;
				GCC_WARN_ABOUT_RETURN_TYPE = YES_ERROR;
				GCC_WARN_UNDECLARED_SELECTOR = YES;
				GCC_WARN_UNINITIALIZED_AUTOS = YES_AGGRESSIVE;
				GCC_WARN_UNUSED_FUNCTION = YES;
				GCC_WARN_UNUSED_VARIABLE = YES;
				IPHONEOS_DEPLOYMENT_TARGET = 13.2;
				MTL_ENABLE_DEBUG_INFO = INCLUDE_SOURCE;
				MTL_FAST_MATH = YES;
				ONLY_ACTIVE_ARCH = YES;
				SDKROOT = iphoneos;
				SWIFT_ACTIVE_COMPILATION_CONDITIONS = DEBUG;
				SWIFT_OPTIMIZATION_LEVEL = "-Onone";
			};
			name = Debug;
		};
		9D7217D6237EBA6300CDC6F1 /* Release */ = {
			isa = XCBuildConfiguration;
			buildSettings = {
				ALWAYS_SEARCH_USER_PATHS = NO;
				CLANG_ANALYZER_NONNULL = YES;
				CLANG_ANALYZER_NUMBER_OBJECT_CONVERSION = YES_AGGRESSIVE;
				CLANG_CXX_LANGUAGE_STANDARD = "gnu++14";
				CLANG_CXX_LIBRARY = "libc++";
				CLANG_ENABLE_MODULES = YES;
				CLANG_ENABLE_OBJC_ARC = YES;
				CLANG_ENABLE_OBJC_WEAK = YES;
				CLANG_WARN_BLOCK_CAPTURE_AUTORELEASING = YES;
				CLANG_WARN_BOOL_CONVERSION = YES;
				CLANG_WARN_COMMA = YES;
				CLANG_WARN_CONSTANT_CONVERSION = YES;
				CLANG_WARN_DEPRECATED_OBJC_IMPLEMENTATIONS = YES;
				CLANG_WARN_DIRECT_OBJC_ISA_USAGE = YES_ERROR;
				CLANG_WARN_DOCUMENTATION_COMMENTS = YES;
				CLANG_WARN_EMPTY_BODY = YES;
				CLANG_WARN_ENUM_CONVERSION = YES;
				CLANG_WARN_INFINITE_RECURSION = YES;
				CLANG_WARN_INT_CONVERSION = YES;
				CLANG_WARN_NON_LITERAL_NULL_CONVERSION = YES;
				CLANG_WARN_OBJC_IMPLICIT_RETAIN_SELF = YES;
				CLANG_WARN_OBJC_LITERAL_CONVERSION = YES;
				CLANG_WARN_OBJC_ROOT_CLASS = YES_ERROR;
				CLANG_WARN_RANGE_LOOP_ANALYSIS = YES;
				CLANG_WARN_STRICT_PROTOTYPES = YES;
				CLANG_WARN_SUSPICIOUS_MOVE = YES;
				CLANG_WARN_UNGUARDED_AVAILABILITY = YES_AGGRESSIVE;
				CLANG_WARN_UNREACHABLE_CODE = YES;
				CLANG_WARN__DUPLICATE_METHOD_MATCH = YES;
				COPY_PHASE_STRIP = NO;
				DEBUG_INFORMATION_FORMAT = "dwarf-with-dsym";
				ENABLE_NS_ASSERTIONS = NO;
				ENABLE_STRICT_OBJC_MSGSEND = YES;
				GCC_C_LANGUAGE_STANDARD = gnu11;
				GCC_NO_COMMON_BLOCKS = YES;
				GCC_WARN_64_TO_32_BIT_CONVERSION = YES;
				GCC_WARN_ABOUT_RETURN_TYPE = YES_ERROR;
				GCC_WARN_UNDECLARED_SELECTOR = YES;
				GCC_WARN_UNINITIALIZED_AUTOS = YES_AGGRESSIVE;
				GCC_WARN_UNUSED_FUNCTION = YES;
				GCC_WARN_UNUSED_VARIABLE = YES;
				IPHONEOS_DEPLOYMENT_TARGET = 13.2;
				MTL_ENABLE_DEBUG_INFO = NO;
				MTL_FAST_MATH = YES;
				SDKROOT = iphoneos;
				SWIFT_COMPILATION_MODE = wholemodule;
				SWIFT_OPTIMIZATION_LEVEL = "-O";
				VALIDATE_PRODUCT = YES;
			};
			name = Release;
		};
		9D7217D8237EBA6300CDC6F1 /* Debug */ = {
			isa = XCBuildConfiguration;
			baseConfigurationReference = DF0C92E7CEFBE2292C593565 /* Pods-MyB11.debug.xcconfig */;
			buildSettings = {
				ASSETCATALOG_COMPILER_APPICON_NAME = AppIcon;
				CODE_SIGN_STYLE = Automatic;
				DEVELOPMENT_TEAM = X3R3Q6S42E;
				INFOPLIST_FILE = MyB11/Info.plist;
				LD_RUNPATH_SEARCH_PATHS = (
					"$(inherited)",
					"@executable_path/Frameworks",
				);
				PRODUCT_BUNDLE_IDENTIFIER = com.footplr.MyB11;
				PRODUCT_NAME = "$(TARGET_NAME)";
				SWIFT_VERSION = 5.0;
				TARGETED_DEVICE_FAMILY = "1,2";
			};
			name = Debug;
		};
		9D7217D9237EBA6300CDC6F1 /* Release */ = {
			isa = XCBuildConfiguration;
			baseConfigurationReference = 26EEC592478E22E98FCEF6EF /* Pods-MyB11.release.xcconfig */;
			buildSettings = {
				ASSETCATALOG_COMPILER_APPICON_NAME = AppIcon;
				CODE_SIGN_STYLE = Automatic;
				DEVELOPMENT_TEAM = X3R3Q6S42E;
				INFOPLIST_FILE = MyB11/Info.plist;
				LD_RUNPATH_SEARCH_PATHS = (
					"$(inherited)",
					"@executable_path/Frameworks",
				);
				PRODUCT_BUNDLE_IDENTIFIER = com.footplr.MyB11;
				PRODUCT_NAME = "$(TARGET_NAME)";
				SWIFT_VERSION = 5.0;
				TARGETED_DEVICE_FAMILY = "1,2";
			};
			name = Release;
		};
		9D7217DB237EBA6300CDC6F1 /* Debug */ = {
			isa = XCBuildConfiguration;
			baseConfigurationReference = 2D40062B2737F8588AD698CB /* Pods-MyB11Tests.debug.xcconfig */;
			buildSettings = {
				ALWAYS_EMBED_SWIFT_STANDARD_LIBRARIES = YES;
				BUNDLE_LOADER = "$(TEST_HOST)";
				CODE_SIGN_STYLE = Automatic;
				DEVELOPMENT_TEAM = X3R3Q6S42E;
				INFOPLIST_FILE = MyB11Tests/Info.plist;
				IPHONEOS_DEPLOYMENT_TARGET = 13.2;
				LD_RUNPATH_SEARCH_PATHS = (
					"$(inherited)",
					"@executable_path/Frameworks",
					"@loader_path/Frameworks",
				);
				PRODUCT_BUNDLE_IDENTIFIER = com.footplr.MyB11Tests;
				PRODUCT_NAME = "$(TARGET_NAME)";
				SWIFT_VERSION = 5.0;
				TARGETED_DEVICE_FAMILY = "1,2";
				TEST_HOST = "$(BUILT_PRODUCTS_DIR)/MyB11.app/MyB11";
			};
			name = Debug;
		};
		9D7217DC237EBA6300CDC6F1 /* Release */ = {
			isa = XCBuildConfiguration;
			baseConfigurationReference = FCEE1A6DA97E74AA9848FBB8 /* Pods-MyB11Tests.release.xcconfig */;
			buildSettings = {
				ALWAYS_EMBED_SWIFT_STANDARD_LIBRARIES = YES;
				BUNDLE_LOADER = "$(TEST_HOST)";
				CODE_SIGN_STYLE = Automatic;
				DEVELOPMENT_TEAM = X3R3Q6S42E;
				INFOPLIST_FILE = MyB11Tests/Info.plist;
				IPHONEOS_DEPLOYMENT_TARGET = 13.2;
				LD_RUNPATH_SEARCH_PATHS = (
					"$(inherited)",
					"@executable_path/Frameworks",
					"@loader_path/Frameworks",
				);
				PRODUCT_BUNDLE_IDENTIFIER = com.footplr.MyB11Tests;
				PRODUCT_NAME = "$(TARGET_NAME)";
				SWIFT_VERSION = 5.0;
				TARGETED_DEVICE_FAMILY = "1,2";
				TEST_HOST = "$(BUILT_PRODUCTS_DIR)/MyB11.app/MyB11";
			};
			name = Release;
		};
		9D7217DE237EBA6300CDC6F1 /* Debug */ = {
			isa = XCBuildConfiguration;
			baseConfigurationReference = 3D7985618AE2EA7790452A20 /* Pods-MyB11-MyB11UITests.debug.xcconfig */;
			buildSettings = {
				ALWAYS_EMBED_SWIFT_STANDARD_LIBRARIES = YES;
				CODE_SIGN_STYLE = Automatic;
				DEVELOPMENT_TEAM = X3R3Q6S42E;
				INFOPLIST_FILE = MyB11UITests/Info.plist;
				LD_RUNPATH_SEARCH_PATHS = (
					"$(inherited)",
					"@executable_path/Frameworks",
					"@loader_path/Frameworks",
				);
				PRODUCT_BUNDLE_IDENTIFIER = com.footplr.MyB11UITests;
				PRODUCT_NAME = "$(TARGET_NAME)";
				SWIFT_VERSION = 5.0;
				TARGETED_DEVICE_FAMILY = "1,2";
				TEST_TARGET_NAME = MyB11;
			};
			name = Debug;
		};
		9D7217DF237EBA6300CDC6F1 /* Release */ = {
			isa = XCBuildConfiguration;
			baseConfigurationReference = 60262C42BC70455C3C3E2492 /* Pods-MyB11-MyB11UITests.release.xcconfig */;
			buildSettings = {
				ALWAYS_EMBED_SWIFT_STANDARD_LIBRARIES = YES;
				CODE_SIGN_STYLE = Automatic;
				DEVELOPMENT_TEAM = X3R3Q6S42E;
				INFOPLIST_FILE = MyB11UITests/Info.plist;
				LD_RUNPATH_SEARCH_PATHS = (
					"$(inherited)",
					"@executable_path/Frameworks",
					"@loader_path/Frameworks",
				);
				PRODUCT_BUNDLE_IDENTIFIER = com.footplr.MyB11UITests;
				PRODUCT_NAME = "$(TARGET_NAME)";
				SWIFT_VERSION = 5.0;
				TARGETED_DEVICE_FAMILY = "1,2";
				TEST_TARGET_NAME = MyB11;
			};
			name = Release;
		};
/* End XCBuildConfiguration section */

/* Begin XCConfigurationList section */
		9D7217A8237EBA6000CDC6F1 /* Build configuration list for PBXProject "MyB11" */ = {
			isa = XCConfigurationList;
			buildConfigurations = (
				9D7217D5237EBA6300CDC6F1 /* Debug */,
				9D7217D6237EBA6300CDC6F1 /* Release */,
			);
			defaultConfigurationIsVisible = 0;
			defaultConfigurationName = Release;
		};
		9D7217D7237EBA6300CDC6F1 /* Build configuration list for PBXNativeTarget "MyB11" */ = {
			isa = XCConfigurationList;
			buildConfigurations = (
				9D7217D8237EBA6300CDC6F1 /* Debug */,
				9D7217D9237EBA6300CDC6F1 /* Release */,
			);
			defaultConfigurationIsVisible = 0;
			defaultConfigurationName = Release;
		};
		9D7217DA237EBA6300CDC6F1 /* Build configuration list for PBXNativeTarget "MyB11Tests" */ = {
			isa = XCConfigurationList;
			buildConfigurations = (
				9D7217DB237EBA6300CDC6F1 /* Debug */,
				9D7217DC237EBA6300CDC6F1 /* Release */,
			);
			defaultConfigurationIsVisible = 0;
			defaultConfigurationName = Release;
		};
		9D7217DD237EBA6300CDC6F1 /* Build configuration list for PBXNativeTarget "MyB11UITests" */ = {
			isa = XCConfigurationList;
			buildConfigurations = (
				9D7217DE237EBA6300CDC6F1 /* Debug */,
				9D7217DF237EBA6300CDC6F1 /* Release */,
			);
			defaultConfigurationIsVisible = 0;
			defaultConfigurationName = Release;
		};
/* End XCConfigurationList section */
	};
	rootObject = 9D7217A5237EBA6000CDC6F1 /* Project object */;
}
